// !$*UTF8*$!
{
	archiveVersion = 1;
	classes = {
	};
	objectVersion = 50;
	objects = {

/* Begin PBXBuildFile section */
		841F3EAB220D6A8700EF6E22 /* BaseAnimator.swift in Sources */ = {isa = PBXBuildFile; fileRef = 841F3EA9220D6A8700EF6E22 /* BaseAnimator.swift */; };
		841F3EAC220D6A8700EF6E22 /* MiniToLargeAnimator.swift in Sources */ = {isa = PBXBuildFile; fileRef = 841F3EAA220D6A8700EF6E22 /* MiniToLargeAnimator.swift */; };
		843B93A7220443DD00D02530 /* AppDelegate.swift in Sources */ = {isa = PBXBuildFile; fileRef = 843B93A6220443DD00D02530 /* AppDelegate.swift */; };
		843B93A9220443DD00D02530 /* ViewController.swift in Sources */ = {isa = PBXBuildFile; fileRef = 843B93A8220443DD00D02530 /* ViewController.swift */; };
		843B93AC220443DD00D02530 /* Main.storyboard in Resources */ = {isa = PBXBuildFile; fileRef = 843B93AA220443DD00D02530 /* Main.storyboard */; };
		843B93AE220443DF00D02530 /* Assets.xcassets in Resources */ = {isa = PBXBuildFile; fileRef = 843B93AD220443DF00D02530 /* Assets.xcassets */; };
		843B93B1220443DF00D02530 /* LaunchScreen.storyboard in Resources */ = {isa = PBXBuildFile; fileRef = 843B93AF220443DF00D02530 /* LaunchScreen.storyboard */; };
		843B93BC220443DF00D02530 /* DraggableViewTests.swift in Sources */ = {isa = PBXBuildFile; fileRef = 843B93BB220443DF00D02530 /* DraggableViewTests.swift */; };
		843B93CA2204463900D02530 /* NextViewController.swift in Sources */ = {isa = PBXBuildFile; fileRef = 843B93C92204463900D02530 /* NextViewController.swift */; };
		843B93CC2204464900D02530 /* BottomBar.swift in Sources */ = {isa = PBXBuildFile; fileRef = 843B93CB2204464900D02530 /* BottomBar.swift */; };
		843B93D02204616200D02530 /* MiniToLargeViewInterator.swift in Sources */ = {isa = PBXBuildFile; fileRef = 843B93CF2204616200D02530 /* MiniToLargeViewInterator.swift */; };
/* End PBXBuildFile section */

/* Begin PBXContainerItemProxy section */
		843B93B8220443DF00D02530 /* PBXContainerItemProxy */ = {
			isa = PBXContainerItemProxy;
			containerPortal = 843B939B220443DD00D02530 /* Project object */;
			proxyType = 1;
			remoteGlobalIDString = 843B93A2220443DD00D02530;
			remoteInfo = DraggableView;
		};
/* End PBXContainerItemProxy section */

/* Begin PBXFileReference section */
		841F3EA9220D6A8700EF6E22 /* BaseAnimator.swift */ = {isa = PBXFileReference; fileEncoding = 4; lastKnownFileType = sourcecode.swift; path = BaseAnimator.swift; sourceTree = "<group>"; };
		841F3EAA220D6A8700EF6E22 /* MiniToLargeAnimator.swift */ = {isa = PBXFileReference; fileEncoding = 4; lastKnownFileType = sourcecode.swift; path = MiniToLargeAnimator.swift; sourceTree = "<group>"; };
		843B93A3220443DD00D02530 /* DraggableView.app */ = {isa = PBXFileReference; explicitFileType = wrapper.application; includeInIndex = 0; path = DraggableView.app; sourceTree = BUILT_PRODUCTS_DIR; };
		843B93A6220443DD00D02530 /* AppDelegate.swift */ = {isa = PBXFileReference; lastKnownFileType = sourcecode.swift; path = AppDelegate.swift; sourceTree = "<group>"; };
		843B93A8220443DD00D02530 /* ViewController.swift */ = {isa = PBXFileReference; lastKnownFileType = sourcecode.swift; path = ViewController.swift; sourceTree = "<group>"; };
		843B93AB220443DD00D02530 /* Base */ = {isa = PBXFileReference; lastKnownFileType = file.storyboard; name = Base; path = Base.lproj/Main.storyboard; sourceTree = "<group>"; };
		843B93AD220443DF00D02530 /* Assets.xcassets */ = {isa = PBXFileReference; lastKnownFileType = folder.assetcatalog; path = Assets.xcassets; sourceTree = "<group>"; };
		843B93B0220443DF00D02530 /* Base */ = {isa = PBXFileReference; lastKnownFileType = file.storyboard; name = Base; path = Base.lproj/LaunchScreen.storyboard; sourceTree = "<group>"; };
		843B93B2220443DF00D02530 /* Info.plist */ = {isa = PBXFileReference; lastKnownFileType = text.plist.xml; path = Info.plist; sourceTree = "<group>"; };
		843B93B7220443DF00D02530 /* DraggableViewTests.xctest */ = {isa = PBXFileReference; explicitFileType = wrapper.cfbundle; includeInIndex = 0; path = DraggableViewTests.xctest; sourceTree = BUILT_PRODUCTS_DIR; };
		843B93BB220443DF00D02530 /* DraggableViewTests.swift */ = {isa = PBXFileReference; lastKnownFileType = sourcecode.swift; path = DraggableViewTests.swift; sourceTree = "<group>"; };
		843B93BD220443DF00D02530 /* Info.plist */ = {isa = PBXFileReference; lastKnownFileType = text.plist.xml; path = Info.plist; sourceTree = "<group>"; };
		843B93C92204463900D02530 /* NextViewController.swift */ = {isa = PBXFileReference; lastKnownFileType = sourcecode.swift; path = NextViewController.swift; sourceTree = "<group>"; };
		843B93CB2204464900D02530 /* BottomBar.swift */ = {isa = PBXFileReference; lastKnownFileType = sourcecode.swift; path = BottomBar.swift; sourceTree = "<group>"; };
		843B93CF2204616200D02530 /* MiniToLargeViewInterator.swift */ = {isa = PBXFileReference; lastKnownFileType = sourcecode.swift; path = MiniToLargeViewInterator.swift; sourceTree = "<group>"; };
/* End PBXFileReference section */

/* Begin PBXFrameworksBuildPhase section */
		843B93A0220443DD00D02530 /* Frameworks */ = {
			isa = PBXFrameworksBuildPhase;
			buildActionMask = 2147483647;
			files = (
			);
			runOnlyForDeploymentPostprocessing = 0;
		};
		843B93B4220443DF00D02530 /* Frameworks */ = {
			isa = PBXFrameworksBuildPhase;
			buildActionMask = 2147483647;
			files = (
			);
			runOnlyForDeploymentPostprocessing = 0;
		};
/* End PBXFrameworksBuildPhase section */

/* Begin PBXGroup section */
		843B939A220443DD00D02530 = {
			isa = PBXGroup;
			children = (
				843B93A5220443DD00D02530 /* DraggableView */,
				843B93BA220443DF00D02530 /* DraggableViewTests */,
				843B93A4220443DD00D02530 /* Products */,
			);
			sourceTree = "<group>";
		};
		843B93A4220443DD00D02530 /* Products */ = {
			isa = PBXGroup;
			children = (
				843B93A3220443DD00D02530 /* DraggableView.app */,
				843B93B7220443DF00D02530 /* DraggableViewTests.xctest */,
			);
			name = Products;
			sourceTree = "<group>";
		};
		843B93A5220443DD00D02530 /* DraggableView */ = {
			isa = PBXGroup;
			children = (
				843B93A6220443DD00D02530 /* AppDelegate.swift */,
				843B93C62204449600D02530 /* client */,
				843B93AA220443DD00D02530 /* Main.storyboard */,
				843B93AD220443DF00D02530 /* Assets.xcassets */,
				843B93AF220443DF00D02530 /* LaunchScreen.storyboard */,
				843B93B2220443DF00D02530 /* Info.plist */,
			);
			path = DraggableView;
			sourceTree = "<group>";
		};
		843B93BA220443DF00D02530 /* DraggableViewTests */ = {
			isa = PBXGroup;
			children = (
				843B93BB220443DF00D02530 /* DraggableViewTests.swift */,
				843B93BD220443DF00D02530 /* Info.plist */,
			);
			path = DraggableViewTests;
			sourceTree = "<group>";
		};
		843B93C62204449600D02530 /* client */ = {
			isa = PBXGroup;
			children = (
				843B93C8220444B100D02530 /* animators and interactor */,
				843B93C7220444A700D02530 /* controllers */,
			);
			path = client;
			sourceTree = "<group>";
		};
		843B93C7220444A700D02530 /* controllers */ = {
			isa = PBXGroup;
			children = (
				843B93A8220443DD00D02530 /* ViewController.swift */,
				843B93C92204463900D02530 /* NextViewController.swift */,
				843B93CB2204464900D02530 /* BottomBar.swift */,
			);
			path = controllers;
			sourceTree = "<group>";
		};
		843B93C8220444B100D02530 /* animators and interactor */ = {
			isa = PBXGroup;
			children = (
				841F3EA9220D6A8700EF6E22 /* BaseAnimator.swift */,
				841F3EAA220D6A8700EF6E22 /* MiniToLargeAnimator.swift */,
				843B93CF2204616200D02530 /* MiniToLargeViewInterator.swift */,
			);
			path = "animators and interactor";
			sourceTree = "<group>";
		};
/* End PBXGroup section */

/* Begin PBXNativeTarget section */
		843B93A2220443DD00D02530 /* DraggableView */ = {
			isa = PBXNativeTarget;
			buildConfigurationList = 843B93C0220443DF00D02530 /* Build configuration list for PBXNativeTarget "DraggableView" */;
			buildPhases = (
				843B939F220443DD00D02530 /* Sources */,
				843B93A0220443DD00D02530 /* Frameworks */,
				843B93A1220443DD00D02530 /* Resources */,
			);
			buildRules = (
			);
			dependencies = (
			);
			name = DraggableView;
			productName = DraggableView;
			productReference = 843B93A3220443DD00D02530 /* DraggableView.app */;
			productType = "com.apple.product-type.application";
		};
		843B93B6220443DF00D02530 /* DraggableViewTests */ = {
			isa = PBXNativeTarget;
			buildConfigurationList = 843B93C3220443DF00D02530 /* Build configuration list for PBXNativeTarget "DraggableViewTests" */;
			buildPhases = (
				843B93B3220443DF00D02530 /* Sources */,
				843B93B4220443DF00D02530 /* Frameworks */,
				843B93B5220443DF00D02530 /* Resources */,
			);
			buildRules = (
			);
			dependencies = (
				843B93B9220443DF00D02530 /* PBXTargetDependency */,
			);
			name = DraggableViewTests;
			productName = DraggableViewTests;
			productReference = 843B93B7220443DF00D02530 /* DraggableViewTests.xctest */;
			productType = "com.apple.product-type.bundle.unit-test";
		};
/* End PBXNativeTarget section */

/* Begin PBXProject section */
		843B939B220443DD00D02530 /* Project object */ = {
			isa = PBXProject;
			attributes = {
				LastSwiftUpdateCheck = 1010;
				LastUpgradeCheck = 1010;
				ORGANIZATIONNAME = VJ;
				TargetAttributes = {
					843B93A2220443DD00D02530 = {
						CreatedOnToolsVersion = 10.1;
					};
					843B93B6220443DF00D02530 = {
						CreatedOnToolsVersion = 10.1;
						TestTargetID = 843B93A2220443DD00D02530;
					};
				};
			};
			buildConfigurationList = 843B939E220443DD00D02530 /* Build configuration list for PBXProject "DraggableView" */;
			compatibilityVersion = "Xcode 9.3";
			developmentRegion = en;
			hasScannedForEncodings = 0;
			knownRegions = (
				en,
				Base,
			);
			mainGroup = 843B939A220443DD00D02530;
			productRefGroup = 843B93A4220443DD00D02530 /* Products */;
			projectDirPath = "";
			projectRoot = "";
			targets = (
				843B93A2220443DD00D02530 /* DraggableView */,
				843B93B6220443DF00D02530 /* DraggableViewTests */,
			);
		};
/* End PBXProject section */

/* Begin PBXResourcesBuildPhase section */
		843B93A1220443DD00D02530 /* Resources */ = {
			isa = PBXResourcesBuildPhase;
			buildActionMask = 2147483647;
			files = (
				843B93B1220443DF00D02530 /* LaunchScreen.storyboard in Resources */,
				843B93AE220443DF00D02530 /* Assets.xcassets in Resources */,
				843B93AC220443DD00D02530 /* Main.storyboard in Resources */,
			);
			runOnlyForDeploymentPostprocessing = 0;
		};
		843B93B5220443DF00D02530 /* Resources */ = {
			isa = PBXResourcesBuildPhase;
			buildActionMask = 2147483647;
			files = (
			);
			runOnlyForDeploymentPostprocessing = 0;
		};
/* End PBXResourcesBuildPhase section */

/* Begin PBXSourcesBuildPhase section */
		843B939F220443DD00D02530 /* Sources */ = {
			isa = PBXSourcesBuildPhase;
			buildActionMask = 2147483647;
			files = (
				843B93CC2204464900D02530 /* BottomBar.swift in Sources */,
				841F3EAB220D6A8700EF6E22 /* BaseAnimator.swift in Sources */,
				843B93D02204616200D02530 /* MiniToLargeViewInterator.swift in Sources */,
				843B93A9220443DD00D02530 /* ViewController.swift in Sources */,
				843B93CA2204463900D02530 /* NextViewController.swift in Sources */,
				843B93A7220443DD00D02530 /* AppDelegate.swift in Sources */,
				841F3EAC220D6A8700EF6E22 /* MiniToLargeAnimator.swift in Sources */,
			);
			runOnlyForDeploymentPostprocessing = 0;
		};
		843B93B3220443DF00D02530 /* Sources */ = {
			isa = PBXSourcesBuildPhase;
			buildActionMask = 2147483647;
			files = (
				843B93BC220443DF00D02530 /* DraggableViewTests.swift in Sources */,
			);
			runOnlyForDeploymentPostprocessing = 0;
		};
/* End PBXSourcesBuildPhase section */

/* Begin PBXTargetDependency section */
		843B93B9220443DF00D02530 /* PBXTargetDependency */ = {
			isa = PBXTargetDependency;
			target = 843B93A2220443DD00D02530 /* DraggableView */;
			targetProxy = 843B93B8220443DF00D02530 /* PBXContainerItemProxy */;
		};
/* End PBXTargetDependency section */

/* Begin PBXVariantGroup section */
		843B93AA220443DD00D02530 /* Main.storyboard */ = {
			isa = PBXVariantGroup;
			children = (
				843B93AB220443DD00D02530 /* Base */,
			);
			name = Main.storyboard;
			sourceTree = "<group>";
		};
		843B93AF220443DF00D02530 /* LaunchScreen.storyboard */ = {
			isa = PBXVariantGroup;
			children = (
				843B93B0220443DF00D02530 /* Base */,
			);
			name = LaunchScreen.storyboard;
			sourceTree = "<group>";
		};
/* End PBXVariantGroup section */

/* Begin XCBuildConfiguration section */
		843B93BE220443DF00D02530 /* Debug */ = {
			isa = XCBuildConfiguration;
			buildSettings = {
				ALWAYS_SEARCH_USER_PATHS = NO;
				CLANG_ANALYZER_NONNULL = YES;
				CLANG_ANALYZER_NUMBER_OBJECT_CONVERSION = YES_AGGRESSIVE;
				CLANG_CXX_LANGUAGE_STANDARD = "gnu++14";
				CLANG_CXX_LIBRARY = "libc++";
				CLANG_ENABLE_MODULES = YES;
				CLANG_ENABLE_OBJC_ARC = YES;
				CLANG_ENABLE_OBJC_WEAK = YES;
				CLANG_WARN_BLOCK_CAPTURE_AUTORELEASING = YES;
				CLANG_WARN_BOOL_CONVERSION = YES;
				CLANG_WARN_COMMA = YES;
				CLANG_WARN_CONSTANT_CONVERSION = YES;
				CLANG_WARN_DEPRECATED_OBJC_IMPLEMENTATIONS = YES;
				CLANG_WARN_DIRECT_OBJC_ISA_USAGE = YES_ERROR;
				CLANG_WARN_DOCUMENTATION_COMMENTS = YES;
				CLANG_WARN_EMPTY_BODY = YES;
				CLANG_WARN_ENUM_CONVERSION = YES;
				CLANG_WARN_INFINITE_RECURSION = YES;
				CLANG_WARN_INT_CONVERSION = YES;
				CLANG_WARN_NON_LITERAL_NULL_CONVERSION = YES;
				CLANG_WARN_OBJC_IMPLICIT_RETAIN_SELF = YES;
				CLANG_WARN_OBJC_LITERAL_CONVERSION = YES;
				CLANG_WARN_OBJC_ROOT_CLASS = YES_ERROR;
				CLANG_WARN_RANGE_LOOP_ANALYSIS = YES;
				CLANG_WARN_STRICT_PROTOTYPES = YES;
				CLANG_WARN_SUSPICIOUS_MOVE = YES;
				CLANG_WARN_UNGUARDED_AVAILABILITY = YES_AGGRESSIVE;
				CLANG_WARN_UNREACHABLE_CODE = YES;
				CLANG_WARN__DUPLICATE_METHOD_MATCH = YES;
				CODE_SIGN_IDENTITY = "iPhone Developer";
				COPY_PHASE_STRIP = NO;
				DEBUG_INFORMATION_FORMAT = dwarf;
				ENABLE_STRICT_OBJC_MSGSEND = YES;
				ENABLE_TESTABILITY = YES;
				GCC_C_LANGUAGE_STANDARD = gnu11;
				GCC_DYNAMIC_NO_PIC = NO;
				GCC_NO_COMMON_BLOCKS = YES;
				GCC_OPTIMIZATION_LEVEL = 0;
				GCC_PREPROCESSOR_DEFINITIONS = (
					"DEBUG=1",
					"$(inherited)",
				);
				GCC_WARN_64_TO_32_BIT_CONVERSION = YES;
				GCC_WARN_ABOUT_RETURN_TYPE = YES_ERROR;
				GCC_WARN_UNDECLARED_SELECTOR = YES;
				GCC_WARN_UNINITIALIZED_AUTOS = YES_AGGRESSIVE;
				GCC_WARN_UNUSED_FUNCTION = YES;
				GCC_WARN_UNUSED_VARIABLE = YES;
				IPHONEOS_DEPLOYMENT_TARGET = 12.1;
				MTL_ENABLE_DEBUG_INFO = INCLUDE_SOURCE;
				MTL_FAST_MATH = YES;
				ONLY_ACTIVE_ARCH = YES;
				SDKROOT = iphoneos;
				SWIFT_ACTIVE_COMPILATION_CONDITIONS = DEBUG;
				SWIFT_OPTIMIZATION_LEVEL = "-Onone";
			};
			name = Debug;
		};
		843B93BF220443DF00D02530 /* Release */ = {
			isa = XCBuildConfiguration;
			buildSettings = {
				ALWAYS_SEARCH_USER_PATHS = NO;
				CLANG_ANALYZER_NONNULL = YES;
				CLANG_ANALYZER_NUMBER_OBJECT_CONVERSION = YES_AGGRESSIVE;
				CLANG_CXX_LANGUAGE_STANDARD = "gnu++14";
				CLANG_CXX_LIBRARY = "libc++";
				CLANG_ENABLE_MODULES = YES;
				CLANG_ENABLE_OBJC_ARC = YES;
				CLANG_ENABLE_OBJC_WEAK = YES;
				CLANG_WARN_BLOCK_CAPTURE_AUTORELEASING = YES;
				CLANG_WARN_BOOL_CONVERSION = YES;
				CLANG_WARN_COMMA = YES;
				CLANG_WARN_CONSTANT_CONVERSION = YES;
				CLANG_WARN_DEPRECATED_OBJC_IMPLEMENTATIONS = YES;
				CLANG_WARN_DIRECT_OBJC_ISA_USAGE = YES_ERROR;
				CLANG_WARN_DOCUMENTATION_COMMENTS = YES;
				CLANG_WARN_EMPTY_BODY = YES;
				CLANG_WARN_ENUM_CONVERSION = YES;
				CLANG_WARN_INFINITE_RECURSION = YES;
				CLANG_WARN_INT_CONVERSION = YES;
				CLANG_WARN_NON_LITERAL_NULL_CONVERSION = YES;
				CLANG_WARN_OBJC_IMPLICIT_RETAIN_SELF = YES;
				CLANG_WARN_OBJC_LITERAL_CONVERSION = YES;
				CLANG_WARN_OBJC_ROOT_CLASS = YES_ERROR;
				CLANG_WARN_RANGE_LOOP_ANALYSIS = YES;
				CLANG_WARN_STRICT_PROTOTYPES = YES;
				CLANG_WARN_SUSPICIOUS_MOVE = YES;
				CLANG_WARN_UNGUARDED_AVAILABILITY = YES_AGGRESSIVE;
				CLANG_WARN_UNREACHABLE_CODE = YES;
				CLANG_WARN__DUPLICATE_METHOD_MATCH = YES;
				CODE_SIGN_IDENTITY = "iPhone Developer";
				COPY_PHASE_STRIP = NO;
				DEBUG_INFORMATION_FORMAT = "dwarf-with-dsym";
				ENABLE_NS_ASSERTIONS = NO;
				ENABLE_STRICT_OBJC_MSGSEND = YES;
				GCC_C_LANGUAGE_STANDARD = gnu11;
				GCC_NO_COMMON_BLOCKS = YES;
				GCC_WARN_64_TO_32_BIT_CONVERSION = YES;
				GCC_WARN_ABOUT_RETURN_TYPE = YES_ERROR;
				GCC_WARN_UNDECLARED_SELECTOR = YES;
				GCC_WARN_UNINITIALIZED_AUTOS = YES_AGGRESSIVE;
				GCC_WARN_UNUSED_FUNCTION = YES;
				GCC_WARN_UNUSED_VARIABLE = YES;
				IPHONEOS_DEPLOYMENT_TARGET = 12.1;
				MTL_ENABLE_DEBUG_INFO = NO;
				MTL_FAST_MATH = YES;
				SDKROOT = iphoneos;
				SWIFT_COMPILATION_MODE = wholemodule;
				SWIFT_OPTIMIZATION_LEVEL = "-O";
				VALIDATE_PRODUCT = YES;
			};
			name = Release;
		};
		843B93C1220443DF00D02530 /* Debug */ = {
			isa = XCBuildConfiguration;
			buildSettings = {
				ASSETCATALOG_COMPILER_APPICON_NAME = AppIcon;
				CODE_SIGN_STYLE = Automatic;
				DEVELOPMENT_TEAM = EWNKY9MSJT;
				INFOPLIST_FILE = DraggableView/Info.plist;
				IPHONEOS_DEPLOYMENT_TARGET = 9.0;
				LD_RUNPATH_SEARCH_PATHS = (
					"$(inherited)",
					"@executable_path/Frameworks",
				);
				PRODUCT_BUNDLE_IDENTIFIER = com.VJ.DraggableView;
				PRODUCT_NAME = "$(TARGET_NAME)";
				SWIFT_VERSION = 4.2;
				TARGETED_DEVICE_FAMILY = "1,2";
			};
			name = Debug;
		};
		843B93C2220443DF00D02530 /* Release */ = {
			isa = XCBuildConfiguration;
			buildSettings = {
				ASSETCATALOG_COMPILER_APPICON_NAME = AppIcon;
				CODE_SIGN_STYLE = Automatic;
				DEVELOPMENT_TEAM = EWNKY9MSJT;
				INFOPLIST_FILE = DraggableView/Info.plist;
				IPHONEOS_DEPLOYMENT_TARGET = 9.0;
				LD_RUNPATH_SEARCH_PATHS = (
					"$(inherited)",
					"@executable_path/Frameworks",
				);
				PRODUCT_BUNDLE_IDENTIFIER = com.VJ.DraggableView;
				PRODUCT_NAME = "$(TARGET_NAME)";
				SWIFT_VERSION = 4.2;
				TARGETED_DEVICE_FAMILY = "1,2";
			};
			name = Release;
		};
		843B93C4220443DF00D02530 /* Debug */ = {
			isa = XCBuildConfiguration;
			buildSettings = {
				ALWAYS_EMBED_SWIFT_STANDARD_LIBRARIES = YES;
				BUNDLE_LOADER = "$(TEST_HOST)";
				CODE_SIGN_STYLE = Automatic;
				DEVELOPMENT_TEAM = EWNKY9MSJT;
				INFOPLIST_FILE = DraggableViewTests/Info.plist;
				LD_RUNPATH_SEARCH_PATHS = (
					"$(inherited)",
					"@executable_path/Frameworks",
					"@loader_path/Frameworks",
				);
				PRODUCT_BUNDLE_IDENTIFIER = com.VJ.DraggableViewTests;
				PRODUCT_NAME = "$(TARGET_NAME)";
				SWIFT_VERSION = 4.2;
				TARGETED_DEVICE_FAMILY = "1,2";
				TEST_HOST = "$(BUILT_PRODUCTS_DIR)/DraggableView.app/DraggableView";
			};
			name = Debug;
		};
		843B93C5220443DF00D02530 /* Release */ = {
			isa = XCBuildConfiguration;
			buildSettings = {
				ALWAYS_EMBED_SWIFT_STANDARD_LIBRARIES = YES;
				BUNDLE_LOADER = "$(TEST_HOST)";
				CODE_SIGN_STYLE = Automatic;
				DEVELOPMENT_TEAM = EWNKY9MSJT;
				INFOPLIST_FILE = DraggableViewTests/Info.plist;
				LD_RUNPATH_SEARCH_PATHS = (
					"$(inherited)",
					"@executable_path/Frameworks",
					"@loader_path/Frameworks",
				);
				PRODUCT_BUNDLE_IDENTIFIER = com.VJ.DraggableViewTests;
				PRODUCT_NAME = "$(TARGET_NAME)";
				SWIFT_VERSION = 4.2;
				TARGETED_DEVICE_FAMILY = "1,2";
				TEST_HOST = "$(BUILT_PRODUCTS_DIR)/DraggableView.app/DraggableView";
			};
			name = Release;
		};
/* End XCBuildConfiguration section */

/* Begin XCConfigurationList section */
		843B939E220443DD00D02530 /* Build configuration list for PBXProject "DraggableView" */ = {
			isa = XCConfigurationList;
			buildConfigurations = (
				843B93BE220443DF00D02530 /* Debug */,
				843B93BF220443DF00D02530 /* Release */,
			);
			defaultConfigurationIsVisible = 0;
			defaultConfigurationName = Release;
		};
		843B93C0220443DF00D02530 /* Build configuration list for PBXNativeTarget "DraggableView" */ = {
			isa = XCConfigurationList;
			buildConfigurations = (
				843B93C1220443DF00D02530 /* Debug */,
				843B93C2220443DF00D02530 /* Release */,
			);
			defaultConfigurationIsVisible = 0;
			defaultConfigurationName = Release;
		};
		843B93C3220443DF00D02530 /* Build configuration list for PBXNativeTarget "DraggableViewTests" */ = {
			isa = XCConfigurationList;
			buildConfigurations = (
				843B93C4220443DF00D02530 /* Debug */,
				843B93C5220443DF00D02530 /* Release */,
			);
			defaultConfigurationIsVisible = 0;
			defaultConfigurationName = Release;
		};
/* End XCConfigurationList section */
	};
	rootObject = 843B939B220443DD00D02530 /* Project object */;
}
